{
  "name": "frontend",
  "version": "0.0.0",
  "lockfileVersion": 3,
  "requires": true,
  "packages": {
    "": {
      "name": "frontend",
      "version": "0.0.0",
      "dependencies": {
        "bootstrap": "^5.3.8",
        "react": "^19.2.7",
        "react-dom": "^19.2.7",
        "react-router-dom": "^7.18.0"
      },
      "devDependencies": {
        "@types/react": "^19.2.17",
        "@types/react-dom": "^19.2.3",
        "@vitejs/plugin-react": "^6.0.2",
        "oxlint": "^1.69.0",
        "vite": "^8.1.0"
      }
    },
    "node_modules/@emnapi/core": {
      "version": "1.11.1",
      "resolved": "https://pkgs.dev.azure.com/Paycor/7eb05235-b134-48fa-b2bb-06011313ca85/_packaging/PaycorNPM/npm/registry/@emnapi/core/-/core-1.11.1.tgz",
      "integrity": "sha1-ueEGTzprFjHiQeY460jXNr/TcqY=",
      "dev": true,
      "license": "MIT",
      "optional": true,
      "dependencies": {
        "@emnapi/wasi-threads": "1.2.2",
        "tslib": "^2.4.0"
      }
    },
    "node_modules/@emnapi/runtime": {
      "version": "1.11.1",
      "resolved": "https://pkgs.dev.azure.com/Paycor/7eb05235-b134-48fa-b2bb-06011313ca85/_packaging/PaycorNPM/npm/registry/@emnapi/runtime/-/runtime-1.11.1.tgz",
      "integrity": "sha1-WPHz1dgamxL3k6tojJY3GQECfCQ=",
      "dev": true,
      "license": "MIT",
      "optional": true,
      "dependencies": {
        "tslib": "^2.4.0"
      }
    },
    "node_modules/@emnapi/wasi-threads": {
      "version": "1.2.2",
      "resolved": "https://pkgs.dev.azure.com/Paycor/7eb05235-b134-48fa-b2bb-06011313ca85/_packaging/PaycorNPM/npm/registry/@emnapi/wasi-threads/-/wasi-threads-1.2.2.tgz",
      "integrity": "sha1-TJO+z1v6OxPRu9zAau44MhrYE5o=",
      "dev": true,
      "license": "MIT",
      "optional": true,
      "dependencies": {
        "tslib": "^2.4.0"
      }
    },
    "node_modules/@napi-rs/wasm-runtime": {
      "version": "1.1.6",
      "resolved": "https://pkgs.dev.azure.com/Paycor/7eb05235-b134-48fa-b2bb-06011313ca85/_packaging/PaycorNPM/npm/registry/@napi-rs/wasm-runtime/-/wasm-runtime-1.1.6.tgz",
      "integrity": "sha1-7TOAbQ+b6Y3HbQw9T9hy/acBtdU=",
      "dev": true,
      "license": "MIT",
      "optional": true,
      "dependencies": {
        "@tybys/wasm-util": "^0.10.3"
      },
      "funding": {
        "type": "github",
        "url": "https://github.com/sponsors/Brooooooklyn"
      },
      "peerDependencies": {
        "@emnapi/core": "^1.7.1",
        "@emnapi/runtime": "^1.7.1"
      }
    },
    "node_modules/@oxc-project/types": {
      "version": "0.137.0",
      "resolved": "https://pkgs.dev.azure.com/Paycor/7eb05235-b134-48fa-b2bb-06011313ca85/_packaging/PaycorNPM/npm/registry/@oxc-project/types/-/types-0.137.0.tgz",
      "integrity": "sha1-Vud/i7Ih+gXxixzTTXP5TwlUp3M=",
      "dev": true,
      "license": "MIT",
      "funding": {
        "url": "https://github.com/sponsors/Boshen"
      }
    },
    "node_modules/@oxlint/binding-android-arm-eabi": {
      "version": "1.71.0",
      "resolved": "https://pkgs.dev.azure.com/Paycor/7eb05235-b134-48fa-b2bb-06011313ca85/_packaging/PaycorNPM/npm/registry/@oxlint/binding-android-arm-eabi/-/binding-android-arm-eabi-1.71.0.tgz",
      "integrity": "sha1-hgB+KTt6nMho9u9EFt5mrf99UgQ=",
      "cpu": [
        "arm"
      ],
      "dev": true,
      "license": "MIT",
      "optional": true,
      "os": [
        "android"
      ],
      "engines": {
        "node": "^20.19.0 || >=22.12.0"
      }
    },
    "node_modules/@oxlint/binding-android-arm64": {
      "version": "1.71.0",
      "resolved": "https://pkgs.dev.azure.com/Paycor/7eb05235-b134-48fa-b2bb-06011313ca85/_packaging/PaycorNPM/npm/registry/@oxlint/binding-android-arm64/-/binding-android-arm64-1.71.0.tgz",
      "integrity": "sha1-nb0CWG/HIkoQHjy/P0hOrAf50mo=",
      "cpu": [
        "arm64"
      ],
      "dev": true,
      "license": "MIT",
      "optional": true,
      "os": [
        "android"
      ],
      "engines": {
        "node": "^20.19.0 || >=22.12.0"
      }
    },
    "node_modules/@oxlint/binding-darwin-arm64": {
      "version": "1.71.0",
      "resolved": "https://pkgs.dev.azure.com/Paycor/7eb05235-b134-48fa-b2bb-06011313ca85/_packaging/PaycorNPM/npm/registry/@oxlint/binding-darwin-arm64/-/binding-darwin-arm64-1.71.0.tgz",
      "integrity": "sha1-eA9SQhJB2hgPJkHToj6nIFIHkLU=",
      "cpu": [
        "arm64"
      ],
      "dev": true,
      "license": "MIT",
      "optional": true,
      "os": [
        "darwin"
      ],
      "engines": {
        "node": "^20.19.0 || >=22.12.0"
      }
    },
    "node_modules/@oxlint/binding-darwin-x64": {
      "version": "1.71.0",
      "resolved": "https://pkgs.dev.azure.com/Paycor/7eb05235-b134-48fa-b2bb-06011313ca85/_packaging/PaycorNPM/npm/registry/@oxlint/binding-darwin-x64/-/binding-darwin-x64-1.71.0.tgz",
      "integrity": "sha1-ChLX+0bl5bAmZGqomYRew3r4TfE=",
      "cpu": [
        "x64"
      ],
      "dev": true,
      "license": "MIT",
      "optional": true,
      "os": [
        "darwin"
      ],
      "engines": {
        "node": "^20.19.0 || >=22.12.0"
      }
    },
    "node_modules/@oxlint/binding-freebsd-x64": {
      "version": "1.71.0",
      "resolved": "https://pkgs.dev.azure.com/Paycor/7eb05235-b134-48fa-b2bb-06011313ca85/_packaging/PaycorNPM/npm/registry/@oxlint/binding-freebsd-x64/-/binding-freebsd-x64-1.71.0.tgz",
      "integrity": "sha1-UzsBoSAHX/++s1SMB1PO/Tld2r0=",
      "cpu": [
        "x64"
      ],
      "dev": true,
      "license": "MIT",
      "optional": true,
      "os": [
        "freebsd"
      ],
      "engines": {
        "node": "^20.19.0 || >=22.12.0"
      }
    },
    "node_modules/@oxlint/binding-linux-arm-gnueabihf": {
      "version": "1.71.0",
      "resolved": "https://pkgs.dev.azure.com/Paycor/7eb05235-b134-48fa-b2bb-06011313ca85/_packaging/PaycorNPM/npm/registry/@oxlint/binding-linux-arm-gnueabihf/-/binding-linux-arm-gnueabihf-1.71.0.tgz",
      "integrity": "sha1-EFQRgTHD1JqKEyghqsnQ8V3oQdk=",
      "cpu": [
        "arm"
      ],
      "dev": true,
      "license": "MIT",
      "optional": true,
      "os": [
        "linux"
      ],
      "engines": {
        "node": "^20.19.0 || >=22.12.0"
      }
    },
    "node_modules/@oxlint/binding-linux-arm-musleabihf": {
      "version": "1.71.0",
      "resolved": "https://pkgs.dev.azure.com/Paycor/7eb05235-b134-48fa-b2bb-06011313ca85/_packaging/PaycorNPM/npm/registry/@oxlint/binding-linux-arm-musleabihf/-/binding-linux-arm-musleabihf-1.71.0.tgz",
      "integrity": "sha1-0Y223az7wGmNlmDtqS/7/cRRAbY=",
      "cpu": [
        "arm"
      ],
      "dev": true,
      "license": "MIT",
      "optional": true,
      "os": [
        "linux"
      ],
      "engines": {
        "node": "^20.19.0 || >=22.12.0"
      }
    },
    "node_modules/@oxlint/binding-linux-arm64-gnu": {
      "version": "1.71.0",
      "resolved": "https://pkgs.dev.azure.com/Paycor/7eb05235-b134-48fa-b2bb-06011313ca85/_packaging/PaycorNPM/npm/registry/@oxlint/binding-linux-arm64-gnu/-/binding-linux-arm64-gnu-1.71.0.tgz",
      "integrity": "sha1-S7iwJArXkNGZdI5LqGyshxFG0cY=",
      "cpu": [
        "arm64"
      ],
      "dev": true,
      "license": "MIT",
      "optional": true,
      "os": [
        "linux"
      ],
      "engines": {
        "node": "^20.19.0 || >=22.12.0"
      }
    },
    "node_modules/@oxlint/binding-linux-arm64-musl": {
      "version": "1.71.0",
      "resolved": "https://pkgs.dev.azure.com/Paycor/7eb05235-b134-48fa-b2bb-06011313ca85/_packaging/PaycorNPM/npm/registry/@oxlint/binding-linux-arm64-musl/-/binding-linux-arm64-musl-1.71.0.tgz",
      "integrity": "sha1-jLsaZgPZ6qBfmyVGnQT3HfqjrgU=",
      "cpu": [
        "arm64"
      ],
      "dev": true,
      "license": "MIT",
      "optional": true,
      "os": [
        "linux"
      ],
      "engines": {
        "node": "^20.19.0 || >=22.12.0"
      }
    },
    "node_modules/@oxlint/binding-linux-ppc64-gnu": {
      "version": "1.71.0",
      "resolved": "https://pkgs.dev.azure.com/Paycor/7eb05235-b134-48fa-b2bb-06011313ca85/_packaging/PaycorNPM/npm/registry/@oxlint/binding-linux-ppc64-gnu/-/binding-linux-ppc64-gnu-1.71.0.tgz",
      "integrity": "sha1-v0gBIOjBu7+/OISm+uwHzy7T2PI=",
      "cpu": [
        "ppc64"
      ],
      "dev": true,
      "license": "MIT",
      "optional": true,
      "os": [
        "linux"
      ],
      "engines": {
        "node": "^20.19.0 || >=22.12.0"
      }
    },
    "node_modules/@oxlint/binding-linux-riscv64-gnu": {
      "version": "1.71.0",
      "resolved": "https://pkgs.dev.azure.com/Paycor/7eb05235-b134-48fa-b2bb-06011313ca85/_packaging/PaycorNPM/npm/registry/@oxlint/binding-linux-riscv64-gnu/-/binding-linux-riscv64-gnu-1.71.0.tgz",
      "integrity": "sha1-ki+4B031Nd40bXsf9DPDlPUqYA0=",
      "cpu": [
        "riscv64"
      ],
      "dev": true,
      "license": "MIT",
      "optional": true,
      "os": [
        "linux"
      ],
      "engines": {
        "node": "^20.19.0 || >=22.12.0"
      }
    },
    "node_modules/@oxlint/binding-linux-riscv64-musl": {
      "version": "1.71.0",
      "resolved": "https://pkgs.dev.azure.com/Paycor/7eb05235-b134-48fa-b2bb-06011313ca85/_packaging/PaycorNPM/npm/registry/@oxlint/binding-linux-riscv64-musl/-/binding-linux-riscv64-musl-1.71.0.tgz",
      "integrity": "sha1-VaQ3aTpjsOECbBZ1bFQWYe58nHQ=",
      "cpu": [
        "riscv64"
      ],
      "dev": true,
      "license": "MIT",
      "optional": true,
      "os": [
        "linux"
      ],
      "engines": {
        "node": "^20.19.0 || >=22.12.0"
      }
    },
    "node_modules/@oxlint/binding-linux-s390x-gnu": {
      "version": "1.71.0",
      "resolved": "https://pkgs.dev.azure.com/Paycor/7eb05235-b134-48fa-b2bb-06011313ca85/_packaging/PaycorNPM/npm/registry/@oxlint/binding-linux-s390x-gnu/-/binding-linux-s390x-gnu-1.71.0.tgz",
      "integrity": "sha1-KT5BNt6CC3F23qDj6n5KCq5RbGs=",
      "cpu": [
        "s390x"
      ],
      "dev": true,
      "license": "MIT",
      "optional": true,
      "os": [
        "linux"
      ],
      "engines": {
        "node": "^20.19.0 || >=22.12.0"
      }
    },
    "node_modules/@oxlint/binding-linux-x64-gnu": {
      "version": "1.71.0",
      "resolved": "https://pkgs.dev.azure.com/Paycor/7eb05235-b134-48fa-b2bb-06011313ca85/_packaging/PaycorNPM/npm/registry/@oxlint/binding-linux-x64-gnu/-/binding-linux-x64-gnu-1.71.0.tgz",
      "integrity": "sha1-I1oET4wI1j+6uX7vcFgOshLF9Fk=",
      "cpu": [
        "x64"
      ],
      "dev": true,
      "license": "MIT",
      "optional": true,
      "os": [
        "linux"
      ],
      "engines": {
        "node": "^20.19.0 || >=22.12.0"
      }
    },
    "node_modules/@oxlint/binding-linux-x64-musl": {
      "version": "1.71.0",
      "resolved": "https://pkgs.dev.azure.com/Paycor/7eb05235-b134-48fa-b2bb-06011313ca85/_packaging/PaycorNPM/npm/registry/@oxlint/binding-linux-x64-musl/-/binding-linux-x64-musl-1.71.0.tgz",
      "integrity": "sha1-C+j2veztYN4pDRGAEGDUBGicS0M=",
      "cpu": [
        "x64"
      ],
      "dev": true,
      "license": "MIT",
      "optional": true,
      "os": [
        "linux"
      ],
      "engines": {
        "node": "^20.19.0 || >=22.12.0"
      }
    },
    "node_modules/@oxlint/binding-openharmony-arm64": {
      "version": "1.71.0",
      "resolved": "https://pkgs.dev.azure.com/Paycor/7eb05235-b134-48fa-b2bb-06011313ca85/_packaging/PaycorNPM/npm/registry/@oxlint/binding-openharmony-arm64/-/binding-openharmony-arm64-1.71.0.tgz",
      "integrity": "sha1-VuyV4rwMdb4d5wNG4Nh1mh0x7vI=",
      "cpu": [
        "arm64"
      ],
      "dev": true,
      "license": "MIT",
      "optional": true,
      "os": [
        "openharmony"
      ],
      "engines": {
        "node": "^20.19.0 || >=22.12.0"
      }
    },
    "node_modules/@oxlint/binding-win32-arm64-msvc": {
      "version": "1.71.0",
      "resolved": "https://pkgs.dev.azure.com/Paycor/7eb05235-b134-48fa-b2bb-06011313ca85/_packaging/PaycorNPM/npm/registry/@oxlint/binding-win32-arm64-msvc/-/binding-win32-arm64-msvc-1.71.0.tgz",
      "integrity": "sha1-4YfIhBlLiCL/E0ctWxLn9h1U5ns=",
      "cpu": [
        "arm64"
      ],
      "dev": true,
      "license": "MIT",
      "optional": true,
      "os": [
        "win32"
      ],
      "engines": {
        "node": "^20.19.0 || >=22.12.0"
      }
    },
    "node_modules/@oxlint/binding-win32-ia32-msvc": {
      "version": "1.71.0",
      "resolved": "https://pkgs.dev.azure.com/Paycor/7eb05235-b134-48fa-b2bb-06011313ca85/_packaging/PaycorNPM/npm/registry/@oxlint/binding-win32-ia32-msvc/-/binding-win32-ia32-msvc-1.71.0.tgz",
      "integrity": "sha1-okuOrBh6Qla2iTWz/baxGwTu4Mc=",
      "cpu": [
        "ia32"
      ],
      "dev": true,
      "license": "MIT",
      "optional": true,
      "os": [
        "win32"
      ],
      "engines": {
        "node": "^20.19.0 || >=22.12.0"
      }
    },
    "node_modules/@oxlint/binding-win32-x64-msvc": {
      "version": "1.71.0",
      "resolved": "https://pkgs.dev.azure.com/Paycor/7eb05235-b134-48fa-b2bb-06011313ca85/_packaging/PaycorNPM/npm/registry/@oxlint/binding-win32-x64-msvc/-/binding-win32-x64-msvc-1.71.0.tgz",
      "integrity": "sha1-sIzKhigT+Li92u5ydE2i4mJKhDE=",
      "cpu": [
        "x64"
      ],
      "dev": true,
      "license": "MIT",
      "optional": true,
      "os": [
        "win32"
      ],
      "engines": {
        "node": "^20.19.0 || >=22.12.0"
      }
    },
    "node_modules/@popperjs/core": {
      "version": "2.11.8",
      "resolved": "https://pkgs.dev.azure.com/Paycor/7eb05235-b134-48fa-b2bb-06011313ca85/_packaging/PaycorNPM/npm/registry/@popperjs/core/-/core-2.11.8.tgz",
      "integrity": "sha1-a3kDLnYKCJnNQgRxC+7elyo6GF8=",
      "license": "MIT",
      "peer": true,
      "funding": {
        "type": "opencollective",
        "url": "https://opencollective.com/popperjs"
      }
    },
    "node_modules/@rolldown/binding-android-arm64": {
      "version": "1.1.3",
      "resolved": "https://pkgs.dev.azure.com/Paycor/7eb05235-b134-48fa-b2bb-06011313ca85/_packaging/PaycorNPM/npm/registry/@rolldown/binding-android-arm64/-/binding-android-arm64-1.1.3.tgz",
      "integrity": "sha1-zGFTApw9mvycqq4tw2LYma6UrE8=",
      "cpu": [
        "arm64"
      ],
      "dev": true,
      "license": "MIT",
      "optional": true,
      "os": [
        "android"
      ],
      "engines": {
        "node": "^20.19.0 || >=22.12.0"
      }
    },
    "node_modules/@rolldown/binding-darwin-arm64": {
      "version": "1.1.3",
      "resolved": "https://pkgs.dev.azure.com/Paycor/7eb05235-b134-48fa-b2bb-06011313ca85/_packaging/PaycorNPM/npm/registry/@rolldown/binding-darwin-arm64/-/binding-darwin-arm64-1.1.3.tgz",
      "integrity": "sha1-OvaBpddhA0AlezrHdTNTsj6IR2U=",
      "cpu": [
        "arm64"
      ],
      "dev": true,
      "license": "MIT",
      "optional": true,
      "os": [
        "darwin"
      ],
      "engines": {
        "node": "^20.19.0 || >=22.12.0"
      }
    },
    "node_modules/@rolldown/binding-darwin-x64": {
      "version": "1.1.3",
      "resolved": "https://pkgs.dev.azure.com/Paycor/7eb05235-b134-48fa-b2bb-06011313ca85/_packaging/PaycorNPM/npm/registry/@rolldown/binding-darwin-x64/-/binding-darwin-x64-1.1.3.tgz",
      "integrity": "sha1-gK2jXp8177fkioh0RM4gUvYV1kU=",
      "cpu": [
        "x64"
      ],
      "dev": true,
      "license": "MIT",
      "optional": true,
      "os": [
        "darwin"
      ],
      "engines": {
        "node": "^20.19.0 || >=22.12.0"
      }
    },
    "node_modules/@rolldown/binding-freebsd-x64": {
      "version": "1.1.3",
      "resolved": "https://pkgs.dev.azure.com/Paycor/7eb05235-b134-48fa-b2bb-06011313ca85/_packaging/PaycorNPM/npm/registry/@rolldown/binding-freebsd-x64/-/binding-freebsd-x64-1.1.3.tgz",
      "integrity": "sha1-ZbK7uC8AXwiu7/C22B4Zvmg2AgE=",
      "cpu": [
        "x64"
      ],
      "dev": true,
      "license": "MIT",
      "optional": true,
      "os": [
        "freebsd"
      ],
      "engines": {
        "node": "^20.19.0 || >=22.12.0"
      }
    },
    "node_modules/@rolldown/binding-linux-arm-gnueabihf": {
      "version": "1.1.3",
      "resolved": "https://pkgs.dev.azure.com/Paycor/7eb05235-b134-48fa-b2bb-06011313ca85/_packaging/PaycorNPM/npm/registry/@rolldown/binding-linux-arm-gnueabihf/-/binding-linux-arm-gnueabihf-1.1.3.tgz",
      "integrity": "sha1-fo00rQx7z9O67SaOl5hXHjiIynE=",
      "cpu": [
        "arm"
      ],
      "dev": true,
      "license": "MIT",
      "optional": true,
      "os": [
        "linux"
      ],
      "engines": {
        "node": "^20.19.0 || >=22.12.0"
      }
    },
    "node_modules/@rolldown/binding-linux-arm64-gnu": {
      "version": "1.1.3",
      "resolved": "https://pkgs.dev.azure.com/Paycor/7eb05235-b134-48fa-b2bb-06011313ca85/_packaging/PaycorNPM/npm/registry/@rolldown/binding-linux-arm64-gnu/-/binding-linux-arm64-gnu-1.1.3.tgz",
      "integrity": "sha1-Urv0AP8hm9oeVsBCFg2W3rCL/sw=",
      "cpu": [
        "arm64"
      ],
      "dev": true,
      "license": "MIT",
      "optional": true,
      "os": [
        "linux"
      ],
      "engines": {
        "node": "^20.19.0 || >=22.12.0"
      }
    },
    "node_modules/@rolldown/binding-linux-arm64-musl": {
      "version": "1.1.3",
      "resolved": "https://pkgs.dev.azure.com/Paycor/7eb05235-b134-48fa-b2bb-06011313ca85/_packaging/PaycorNPM/npm/registry/@rolldown/binding-linux-arm64-musl/-/binding-linux-arm64-musl-1.1.3.tgz",
      "integrity": "sha1-noKJkYb3Mynz2BVfoWGK4uhv+io=",
      "cpu": [
        "arm64"
      ],
      "dev": true,
      "license": "MIT",
      "optional": true,
      "os": [
        "linux"
      ],
      "engines": {
        "node": "^20.19.0 || >=22.12.0"
      }
    },
    "node_modules/@rolldown/binding-linux-ppc64-gnu": {
      "version": "1.1.3",
      "resolved": "https://pkgs.dev.azure.com/Paycor/7eb05235-b134-48fa-b2bb-06011313ca85/_packaging/PaycorNPM/npm/registry/@rolldown/binding-linux-ppc64-gnu/-/binding-linux-ppc64-gnu-1.1.3.tgz",
      "integrity": "sha1-BQUgF3MWWGzK2BbrRm6hEBXhe6c=",
      "cpu": [
        "ppc64"
      ],
      "dev": true,
      "license": "MIT",
      "optional": true,
      "os": [
        "linux"
      ],
      "engines": {
        "node": "^20.19.0 || >=22.12.0"
      }
    },
    "node_modules/@rolldown/binding-linux-s390x-gnu": {
      "version": "1.1.3",
      "resolved": "https://pkgs.dev.azure.com/Paycor/7eb05235-b134-48fa-b2bb-06011313ca85/_packaging/PaycorNPM/npm/registry/@rolldown/binding-linux-s390x-gnu/-/binding-linux-s390x-gnu-1.1.3.tgz",
      "integrity": "sha1-UO+nsgIZxuMSNf3tD9NCfzYSPlo=",
      "cpu": [
        "s390x"
      ],
      "dev": true,
      "license": "MIT",
      "optional": true,
      "os": [
        "linux"
      ],
      "engines": {
        "node": "^20.19.0 || >=22.12.0"
      }
    },
    "node_modules/@rolldown/binding-linux-x64-gnu": {
      "version": "1.1.3",
      "resolved": "https://pkgs.dev.azure.com/Paycor/7eb05235-b134-48fa-b2bb-06011313ca85/_packaging/PaycorNPM/npm/registry/@rolldown/binding-linux-x64-gnu/-/binding-linux-x64-gnu-1.1.3.tgz",
      "integrity": "sha1-xZc0RRE9/1DUB30O2qS4ppUz3G8=",
      "cpu": [
        "x64"
      ],
      "dev": true,
      "license": "MIT",
      "optional": true,
      "os": [
        "linux"
      ],
      "engines": {
        "node": "^20.19.0 || >=22.12.0"
      }
    },
    "node_modules/@rolldown/binding-linux-x64-musl": {
      "version": "1.1.3",
      "resolved": "https://pkgs.dev.azure.com/Paycor/7eb05235-b134-48fa-b2bb-06011313ca85/_packaging/PaycorNPM/npm/registry/@rolldown/binding-linux-x64-musl/-/binding-linux-x64-musl-1.1.3.tgz",
      "integrity": "sha1-3bAj9/yYzLuMG2g1RSFsp7Tn690=",
      "cpu": [
        "x64"
      ],
      "dev": true,
      "license": "MIT",
      "optional": true,
      "os": [
        "linux"
      ],
      "engines": {
        "node": "^20.19.0 || >=22.12.0"
      }
    },
    "node_modules/@rolldown/binding-openharmony-arm64": {
      "version": "1.1.3",
      "resolved": "https://pkgs.dev.azure.com/Paycor/7eb05235-b134-48fa-b2bb-06011313ca85/_packaging/PaycorNPM/npm/registry/@rolldown/binding-openharmony-arm64/-/binding-openharmony-arm64-1.1.3.tgz",
      "integrity": "sha1-gypto0cnIkJ8c9F4x1aBhYt2ru0=",
      "cpu": [
        "arm64"
      ],
      "dev": true,
      "license": "MIT",
      "optional": true,
      "os": [
        "openharmony"
      ],
      "engines": {
        "node": "^20.19.0 || >=22.12.0"
      }
    },
    "node_modules/@rolldown/binding-wasm32-wasi": {
      "version": "1.1.3",
      "resolved": "https://pkgs.dev.azure.com/Paycor/7eb05235-b134-48fa-b2bb-06011313ca85/_packaging/PaycorNPM/npm/registry/@rolldown/binding-wasm32-wasi/-/binding-wasm32-wasi-1.1.3.tgz",
      "integrity": "sha1-JWzcwGrZraYRYGUm8xlkL8CDCw8=",
      "cpu": [
        "wasm32"
      ],
      "dev": true,
      "license": "MIT",
      "optional": true,
      "dependencies": {
        "@emnapi/core": "1.11.1",
        "@emnapi/runtime": "1.11.1",
        "@napi-rs/wasm-runtime": "^1.1.6"
      },
      "engines": {
        "node": "^20.19.0 || >=22.12.0"
      }
    },
    "node_modules/@rolldown/binding-win32-arm64-msvc": {
      "version": "1.1.3",
      "resolved": "https://pkgs.dev.azure.com/Paycor/7eb05235-b134-48fa-b2bb-06011313ca85/_packaging/PaycorNPM/npm/registry/@rolldown/binding-win32-arm64-msvc/-/binding-win32-arm64-msvc-1.1.3.tgz",
      "integrity": "sha1-5zXHAkpeF+uvE2iREvoL38aIbDg=",
      "cpu": [
        "arm64"
      ],
      "dev": true,
      "license": "MIT",
      "optional": true,
      "os": [
        "win32"
      ],
      "engines": {
        "node": "^20.19.0 || >=22.12.0"
      }
    },
    "node_modules/@rolldown/binding-win32-x64-msvc": {
      "version": "1.1.3",
      "resolved": "https://pkgs.dev.azure.com/Paycor/7eb05235-b134-48fa-b2bb-06011313ca85/_packaging/PaycorNPM/npm/registry/@rolldown/binding-win32-x64-msvc/-/binding-win32-x64-msvc-1.1.3.tgz",
      "integrity": "sha1-8GwJ21yK1LaQS01AbJtvF/OStcY=",
      "cpu": [
        "x64"
      ],
      "dev": true,
      "license": "MIT",
      "optional": true,
      "os": [
        "win32"
      ],
      "engines": {
        "node": "^20.19.0 || >=22.12.0"
      }
    },
    "node_modules/@rolldown/pluginutils": {
      "version": "1.0.1",
      "resolved": "https://pkgs.dev.azure.com/Paycor/7eb05235-b134-48fa-b2bb-06011313ca85/_packaging/PaycorNPM/npm/registry/@rolldown/pluginutils/-/pluginutils-1.0.1.tgz",
      "integrity": "sha1-4/zuCT+7XOdl4a0Ij/TeKIn2+b4=",
      "dev": true,
      "license": "MIT"
    },
    "node_modules/@tybys/wasm-util": {
      "version": "0.10.3",
      "resolved": "https://pkgs.dev.azure.com/Paycor/7eb05235-b134-48fa-b2bb-06011313ca85/_packaging/PaycorNPM/npm/registry/@tybys/wasm-util/-/wasm-util-0.10.3.tgz",
      "integrity": "sha1-AVy6np3UfOFNA9KoxdVHv7FpZl0=",
      "dev": true,
      "license": "MIT",
      "optional": true,
      "dependencies": {
        "tslib": "^2.4.0"
      }
    },
    "node_modules/@types/react": {
      "version": "19.2.17",
      "resolved": "https://pkgs.dev.azure.com/Paycor/7eb05235-b134-48fa-b2bb-06011313ca85/_packaging/PaycorNPM/npm/registry/@types/react/-/react-19.2.17.tgz",
      "integrity": "sha1-3MrDZbqg8XNOwnD/S1HIlGXo3H8=",
      "dev": true,
      "license": "MIT",
      "dependencies": {
        "csstype": "^3.2.2"
      }
    },
    "node_modules/@types/react-dom": {
      "version": "19.2.3",
      "resolved": "https://pkgs.dev.azure.com/Paycor/7eb05235-b134-48fa-b2bb-06011313ca85/_packaging/PaycorNPM/npm/registry/@types/react-dom/-/react-dom-19.2.3.tgz",
      "integrity": "sha1-weMF0VpSo+UI1U3Kdw0gLLY6vyw=",
      "dev": true,
      "license": "MIT",
      "peerDependencies": {
        "@types/react": "^19.2.0"
      }
    },
    "node_modules/@vitejs/plugin-react": {
      "version": "6.0.3",
      "resolved": "https://pkgs.dev.azure.com/Paycor/7eb05235-b134-48fa-b2bb-06011313ca85/_packaging/PaycorNPM/npm/registry/@vitejs/plugin-react/-/plugin-react-6.0.3.tgz",
      "integrity": "sha1-VfHX9VhTTRCu8DwAfcIIt8N3HOQ=",
      "dev": true,
      "license": "MIT",
      "dependencies": {
        "@rolldown/pluginutils": "^1.0.1"
      },
      "engines": {
        "node": "^20.19.0 || >=22.12.0"
      },
      "peerDependencies": {
        "@rolldown/plugin-babel": "^0.1.7 || ^0.2.0",
        "babel-plugin-react-compiler": "^1.0.0",
        "vite": "^8.0.0"
      },
      "peerDependenciesMeta": {
        "@rolldown/plugin-babel": {
          "optional": true
        },
        "babel-plugin-react-compiler": {
          "optional": true
        }
      }
    },
    "node_modules/bootstrap": {
      "version": "5.3.8",
      "resolved": "https://pkgs.dev.azure.com/Paycor/7eb05235-b134-48fa-b2bb-06011313ca85/_packaging/PaycorNPM/npm/registry/bootstrap/-/bootstrap-5.3.8.tgz",
      "integrity": "sha1-ZAGhAFeiJ1LSH04ZBVUImAZWru0=",
      "funding": [
        {
          "type": "github",
          "url": "https://github.com/sponsors/twbs"
        },
        {
          "type": "opencollective",
          "url": "https://opencollective.com/bootstrap"
        }
      ],
      "license": "MIT",
      "peerDependencies": {
        "@popperjs/core": "^2.11.8"
      }
    },
    "node_modules/cookie": {
      "version": "1.1.1",
      "resolved": "https://pkgs.dev.azure.com/Paycor/7eb05235-b134-48fa-b2bb-06011313ca85/_packaging/PaycorNPM/npm/registry/cookie/-/cookie-1.1.1.tgz",
      "integrity": "sha1-O7m9/II2nbnC9pyTycPOsxDIizw=",
      "license": "MIT",
      "engines": {
        "node": ">=18"
      },
      "funding": {
        "type": "opencollective",
        "url": "https://opencollective.com/express"
      }
    },
    "node_modules/csstype": {
      "version": "3.2.3",
      "resolved": "https://pkgs.dev.azure.com/Paycor/7eb05235-b134-48fa-b2bb-06011313ca85/_packaging/PaycorNPM/npm/registry/csstype/-/csstype-3.2.3.tgz",
      "integrity": "sha1-7EjA8+mT5QZIyG2lWeJhCZXPmJo=",
      "dev": true,
      "license": "MIT"
    },
    "node_modules/detect-libc": {
      "version": "2.1.2",
      "resolved": "https://pkgs.dev.azure.com/Paycor/7eb05235-b134-48fa-b2bb-06011313ca85/_packaging/PaycorNPM/npm/registry/detect-libc/-/detect-libc-2.1.2.tgz",
      "integrity": "sha1-aJxdzcGQDvVYOky59te0c3QgdK0=",
      "dev": true,
      "license": "Apache-2.0",
      "engines": {
        "node": ">=8"
      }
    },
    "node_modules/fdir": {
      "version": "6.5.0",
      "resolved": "https://pkgs.dev.azure.com/Paycor/7eb05235-b134-48fa-b2bb-06011313ca85/_packaging/PaycorNPM/npm/registry/fdir/-/fdir-6.5.0.tgz",
      "integrity": "sha1-7Sq5Z6MxreYvGNB32uGSaE1Q01A=",
      "dev": true,
      "license": "MIT",
      "engines": {
        "node": ">=12.0.0"
      },
      "peerDependencies": {
        "picomatch": "^3 || ^4"
      },
      "peerDependenciesMeta": {
        "picomatch": {
          "optional": true
        }
      }
    },
    "node_modules/fsevents": {
      "version": "2.3.3",
      "resolved": "https://pkgs.dev.azure.com/Paycor/7eb05235-b134-48fa-b2bb-06011313ca85/_packaging/PaycorNPM/npm/registry/fsevents/-/fsevents-2.3.3.tgz",
      "integrity": "sha1-ysZAd4XQNnWipeGlMFxpezR9kNY=",
      "dev": true,
      "license": "MIT",
      "optional": true,
      "os": [
        "darwin"
      ],
      "engines": {
        "node": "^8.16.0 || ^10.6.0 || >=11.0.0"
      }
    },
    "node_modules/lightningcss": {
      "version": "1.32.0",
      "resolved": "https://pkgs.dev.azure.com/Paycor/7eb05235-b134-48fa-b2bb-06011313ca85/_packaging/PaycorNPM/npm/registry/lightningcss/-/lightningcss-1.32.0.tgz",
      "integrity": "sha1-uFqulkhtyxv0mnyFcSISc/Tx5Kk=",
      "dev": true,
      "license": "MPL-2.0",
      "dependencies": {
        "detect-libc": "^2.0.3"
      },
      "engines": {
        "node": ">= 12.0.0"
      },
      "funding": {
        "type": "opencollective",
        "url": "https://opencollective.com/parcel"
      },
      "optionalDependencies": {
        "lightningcss-android-arm64": "1.32.0",
        "lightningcss-darwin-arm64": "1.32.0",
        "lightningcss-darwin-x64": "1.32.0",
        "lightningcss-freebsd-x64": "1.32.0",
        "lightningcss-linux-arm-gnueabihf": "1.32.0",
        "lightningcss-linux-arm64-gnu": "1.32.0",
        "lightningcss-linux-arm64-musl": "1.32.0",
        "lightningcss-linux-x64-gnu": "1.32.0",
        "lightningcss-linux-x64-musl": "1.32.0",
        "lightningcss-win32-arm64-msvc": "1.32.0",
        "lightningcss-win32-x64-msvc": "1.32.0"
      }
    },
    "node_modules/lightningcss-android-arm64": {
      "version": "1.32.0",
      "resolved": "https://pkgs.dev.azure.com/Paycor/7eb05235-b134-48fa-b2bb-06011313ca85/_packaging/PaycorNPM/npm/registry/lightningcss-android-arm64/-/lightningcss-android-arm64-1.32.0.tgz",
      "integrity": "sha1-8DOIURbf79nG9UeHUj41FLYeGWg=",
      "cpu": [
        "arm64"
      ],
      "dev": true,
      "license": "MPL-2.0",
      "optional": true,
      "os": [
        "android"
      ],
      "engines": {
        "node": ">= 12.0.0"
      },
      "funding": {
        "type": "opencollective",
        "url": "https://opencollective.com/parcel"
      }
    },
    "node_modules/lightningcss-darwin-arm64": {
      "version": "1.32.0",
      "resolved": "https://pkgs.dev.azure.com/Paycor/7eb05235-b134-48fa-b2bb-06011313ca85/_packaging/PaycorNPM/npm/registry/lightningcss-darwin-arm64/-/lightningcss-darwin-arm64-1.32.0.tgz",
      "integrity": "sha1-ULcYcbAcgZlYS2SeKSVH+up6+bU=",
      "cpu": [
        "arm64"
      ],
      "dev": true,
      "license": "MPL-2.0",
      "optional": true,
      "os": [
        "darwin"
      ],
      "engines": {
        "node": ">= 12.0.0"
      },
      "funding": {
        "type": "opencollective",
        "url": "https://opencollective.com/parcel"
      }
    },
    "node_modules/lightningcss-darwin-x64": {
      "version": "1.32.0",
      "resolved": "https://pkgs.dev.azure.com/Paycor/7eb05235-b134-48fa-b2bb-06011313ca85/_packaging/PaycorNPM/npm/registry/lightningcss-darwin-x64/-/lightningcss-darwin-x64-1.32.0.tgz",
      "integrity": "sha1-NfPpczLRMLnKGB4RtWje1q68bV4=",
      "cpu": [
        "x64"
      ],
      "dev": true,
      "license": "MPL-2.0",
      "optional": true,
      "os": [
        "darwin"
      ],
      "engines": {
        "node": ">= 12.0.0"
      },
      "funding": {
        "type": "opencollective",
        "url": "https://opencollective.com/parcel"
      }
    },
    "node_modules/lightningcss-freebsd-x64": {
      "version": "1.32.0",
      "resolved": "https://pkgs.dev.azure.com/Paycor/7eb05235-b134-48fa-b2bb-06011313ca85/_packaging/PaycorNPM/npm/registry/lightningcss-freebsd-x64/-/lightningcss-freebsd-x64-1.32.0.tgz",
      "integrity": "sha1-l3enZHK2Ttb/lDQq1kx7r9eUpXU=",
      "cpu": [
        "x64"
      ],
      "dev": true,
      "license": "MPL-2.0",
      "optional": true,
      "os": [
        "freebsd"
      ],
      "engines": {
        "node": ">= 12.0.0"
      },
      "funding": {
        "type": "opencollective",
        "url": "https://opencollective.com/parcel"
      }
    },
    "node_modules/lightningcss-linux-arm-gnueabihf": {
      "version": "1.32.0",
      "resolved": "https://pkgs.dev.azure.com/Paycor/7eb05235-b134-48fa-b2bb-06011313ca85/_packaging/PaycorNPM/npm/registry/lightningcss-linux-arm-gnueabihf/-/lightningcss-linux-arm-gnueabihf-1.32.0.tgz",
      "integrity": "sha1-E65lLhq3O5E117faFy9mbEEK1T0=",
      "cpu": [
        "arm"
      ],
      "dev": true,
      "license": "MPL-2.0",
      "optional": true,
      "os": [
        "linux"
      ],
      "engines": {
        "node": ">= 12.0.0"
      },
      "funding": {
        "type": "opencollective",
        "url": "https://opencollective.com/parcel"
      }
    },
    "node_modules/lightningcss-linux-arm64-gnu": {
      "version": "1.32.0",
      "resolved": "https://pkgs.dev.azure.com/Paycor/7eb05235-b134-48fa-b2bb-06011313ca85/_packaging/PaycorNPM/npm/registry/lightningcss-linux-arm64-gnu/-/lightningcss-linux-arm64-gnu-1.32.0.tgz",
      "integrity": "sha1-QXhYeVqUWS9oASOhsfnaig4e8zU=",
      "cpu": [
        "arm64"
      ],
      "dev": true,
      "license": "MPL-2.0",
      "optional": true,
      "os": [
        "linux"
      ],
      "engines": {
        "node": ">= 12.0.0"
      },
      "funding": {
        "type": "opencollective",
        "url": "https://opencollective.com/parcel"
      }
    },
    "node_modules/lightningcss-linux-arm64-musl": {
      "version": "1.32.0",
      "resolved": "https://pkgs.dev.azure.com/Paycor/7eb05235-b134-48fa-b2bb-06011313ca85/_packaging/PaycorNPM/npm/registry/lightningcss-linux-arm64-musl/-/lightningcss-linux-arm64-musl-1.32.0.tgz",
      "integrity": "sha1-a+NmkugQtxgECAL9gJYjz/5zITM=",
      "cpu": [
        "arm64"
      ],
      "dev": true,
      "license": "MPL-2.0",
      "optional": true,
      "os": [
        "linux"
      ],
      "engines": {
        "node": ">= 12.0.0"
      },
      "funding": {
        "type": "opencollective",
        "url": "https://opencollective.com/parcel"
      }
    },
    "node_modules/lightningcss-linux-x64-gnu": {
      "version": "1.32.0",
      "resolved": "https://pkgs.dev.azure.com/Paycor/7eb05235-b134-48fa-b2bb-06011313ca85/_packaging/PaycorNPM/npm/registry/lightningcss-linux-x64-gnu/-/lightningcss-linux-x64-gnu-1.32.0.tgz",
      "integrity": "sha1-C3gDr06yHP043Tn+Kru1PH3QkfY=",
      "cpu": [
        "x64"
      ],
      "dev": true,
      "license": "MPL-2.0",
      "optional": true,
      "os": [
        "linux"
      ],
      "engines": {
        "node": ">= 12.0.0"
      },
      "funding": {
        "type": "opencollective",
        "url": "https://opencollective.com/parcel"
      }
    },
    "node_modules/lightningcss-linux-x64-musl": {
      "version": "1.32.0",
      "resolved": "https://pkgs.dev.azure.com/Paycor/7eb05235-b134-48fa-b2bb-06011313ca85/_packaging/PaycorNPM/npm/registry/lightningcss-linux-x64-musl/-/lightningcss-linux-x64-musl-1.32.0.tgz",
      "integrity": "sha1-iNyLqGXd3bGsXvBLDxYYBEGMFjs=",
      "cpu": [
        "x64"
      ],
      "dev": true,
      "license": "MPL-2.0",
      "optional": true,
      "os": [
        "linux"
      ],
      "engines": {
        "node": ">= 12.0.0"
      },
      "funding": {
        "type": "opencollective",
        "url": "https://opencollective.com/parcel"
      }
    },
    "node_modules/lightningcss-win32-arm64-msvc": {
      "version": "1.32.0",
      "resolved": "https://pkgs.dev.azure.com/Paycor/7eb05235-b134-48fa-b2bb-06011313ca85/_packaging/PaycorNPM/npm/registry/lightningcss-win32-arm64-msvc/-/lightningcss-win32-arm64-msvc-1.32.0.tgz",
      "integrity": "sha1-TzC6P6XpJfW3n5RejMDRdsOxqzg=",
      "cpu": [
        "arm64"
      ],
      "dev": true,
      "license": "MPL-2.0",
      "optional": true,
      "os": [
        "win32"
      ],
      "engines": {
        "node": ">= 12.0.0"
      },
      "funding": {
        "type": "opencollective",
        "url": "https://opencollective.com/parcel"
      }
    },
    "node_modules/lightningcss-win32-x64-msvc": {
      "version": "1.32.0",
      "resolved": "https://pkgs.dev.azure.com/Paycor/7eb05235-b134-48fa-b2bb-06011313ca85/_packaging/PaycorNPM/npm/registry/lightningcss-win32-x64-msvc/-/lightningcss-win32-x64-msvc-1.32.0.tgz",
      "integrity": "sha1-FBqlYFZFBkkokCu0rwRfp9n0Igo=",
      "cpu": [
        "x64"
      ],
      "dev": true,
      "license": "MPL-2.0",
      "optional": true,
      "os": [
        "win32"
      ],
      "engines": {
        "node": ">= 12.0.0"
      },
      "funding": {
        "type": "opencollective",
        "url": "https://opencollective.com/parcel"
      }
    },
    "node_modules/nanoid": {
      "version": "3.3.15",
      "resolved": "https://pkgs.dev.azure.com/Paycor/7eb05235-b134-48fa-b2bb-06011313ca85/_packaging/PaycorNPM/npm/registry/nanoid/-/nanoid-3.3.15.tgz",
      "integrity": "sha1-NsSQ+tjG6GyCTJQN/d6Zm2ntQxY=",
      "dev": true,
      "funding": [
        {
          "type": "github",
          "url": "https://github.com/sponsors/ai"
        }
      ],
      "license": "MIT",
      "bin": {
        "nanoid": "bin/nanoid.cjs"
      },
      "engines": {
        "node": "^10 || ^12 || ^13.7 || ^14 || >=15.0.1"
      }
    },
    "node_modules/oxlint": {
      "version": "1.71.0",
      "resolved": "https://pkgs.dev.azure.com/Paycor/7eb05235-b134-48fa-b2bb-06011313ca85/_packaging/PaycorNPM/npm/registry/oxlint/-/oxlint-1.71.0.tgz",
      "integrity": "sha1-Y3H7+wEpZ/9YnLZRyyFxdIKf6us=",
      "dev": true,
      "license": "MIT",
      "bin": {
        "oxlint": "bin/oxlint"
      },
      "engines": {
        "node": "^20.19.0 || >=22.12.0"
      },
      "funding": {
        "url": "https://github.com/sponsors/Boshen"
      },
      "optionalDependencies": {
        "@oxlint/binding-android-arm-eabi": "1.71.0",
        "@oxlint/binding-android-arm64": "1.71.0",
        "@oxlint/binding-darwin-arm64": "1.71.0",
        "@oxlint/binding-darwin-x64": "1.71.0",
        "@oxlint/binding-freebsd-x64": "1.71.0",
        "@oxlint/binding-linux-arm-gnueabihf": "1.71.0",
        "@oxlint/binding-linux-arm-musleabihf": "1.71.0",
        "@oxlint/binding-linux-arm64-gnu": "1.71.0",
        "@oxlint/binding-linux-arm64-musl": "1.71.0",
        "@oxlint/binding-linux-ppc64-gnu": "1.71.0",
        "@oxlint/binding-linux-riscv64-gnu": "1.71.0",
        "@oxlint/binding-linux-riscv64-musl": "1.71.0",
        "@oxlint/binding-linux-s390x-gnu": "1.71.0",
        "@oxlint/binding-linux-x64-gnu": "1.71.0",
        "@oxlint/binding-linux-x64-musl": "1.71.0",
        "@oxlint/binding-openharmony-arm64": "1.71.0",
        "@oxlint/binding-win32-arm64-msvc": "1.71.0",
        "@oxlint/binding-win32-ia32-msvc": "1.71.0",
        "@oxlint/binding-win32-x64-msvc": "1.71.0"
      },
      "peerDependencies": {
        "oxlint-tsgolint": ">=0.22.1",
        "vite-plus": "*"
      },
      "peerDependenciesMeta": {
        "oxlint-tsgolint": {
          "optional": true
        },
        "vite-plus": {
          "optional": true
        }
      }
    },
    "node_modules/picocolors": {
      "version": "1.1.1",
      "resolved": "https://pkgs.dev.azure.com/Paycor/7eb05235-b134-48fa-b2bb-06011313ca85/_packaging/PaycorNPM/npm/registry/picocolors/-/picocolors-1.1.1.tgz",
      "integrity": "sha1-PTIa8+q5ObCDyPkpodEs2oHCa2s=",
      "dev": true,
      "license": "ISC"
    },
    "node_modules/picomatch": {
      "version": "4.0.4",
      "resolved": "https://pkgs.dev.azure.com/Paycor/7eb05235-b134-48fa-b2bb-06011313ca85/_packaging/PaycorNPM/npm/registry/picomatch/-/picomatch-4.0.4.tgz",
      "integrity": "sha1-/W9eAKFDCG4HTf/kySS4+yk7BYk=",
      "dev": true,
      "license": "MIT",
      "engines": {
        "node": ">=12"
      },
      "funding": {
        "url": "https://github.com/sponsors/jonschlinkert"
      }
    },
    "node_modules/postcss": {
      "version": "8.5.15",
      "resolved": "https://pkgs.dev.azure.com/Paycor/7eb05235-b134-48fa-b2bb-06011313ca85/_packaging/PaycorNPM/npm/registry/postcss/-/postcss-8.5.15.tgz",
      "integrity": "sha1-0er2d6Mk6ewCGW2i0/7PSguac1w=",
      "dev": true,
      "funding": [
        {
          "type": "opencollective",
          "url": "https://opencollective.com/postcss/"
        },
        {
          "type": "tidelift",
          "url": "https://tidelift.com/funding/github/npm/postcss"
        },
        {
          "type": "github",
          "url": "https://github.com/sponsors/ai"
        }
      ],
      "license": "MIT",
      "dependencies": {
        "nanoid": "^3.3.12",
        "picocolors": "^1.1.1",
        "source-map-js": "^1.2.1"
      },
      "engines": {
        "node": "^10 || ^12 || >=14"
      }
    },
    "node_modules/react": {
      "version": "19.2.7",
      "resolved": "https://pkgs.dev.azure.com/Paycor/7eb05235-b134-48fa-b2bb-06011313ca85/_packaging/PaycorNPM/npm/registry/react/-/react-19.2.7.tgz",
      "integrity": "sha1-H0ehv8BvjsiFdSxvSvFDaan4Jgs=",
      "license": "MIT",
      "engines": {
        "node": ">=0.10.0"
      }
    },
    "node_modules/react-dom": {
      "version": "19.2.7",
      "resolved": "https://pkgs.dev.azure.com/Paycor/7eb05235-b134-48fa-b2bb-06011313ca85/_packaging/PaycorNPM/npm/registry/react-dom/-/react-dom-19.2.7.tgz",
      "integrity": "sha1-BFDcmundv/du8ZZAHNi4x/tGbMw=",
      "license": "MIT",
      "dependencies": {
        "scheduler": "^0.27.0"
      },
      "peerDependencies": {
        "react": "^19.2.7"
      }
    },
    "node_modules/react-router": {
      "version": "7.18.0",
      "resolved": "https://pkgs.dev.azure.com/Paycor/7eb05235-b134-48fa-b2bb-06011313ca85/_packaging/PaycorNPM/npm/registry/react-router/-/react-router-7.18.0.tgz",
      "integrity": "sha1-59lLVHRSd6q+PPk/rJOMvrycHF4=",
      "license": "MIT",
      "dependencies": {
        "cookie": "^1.0.1",
        "set-cookie-parser": "^2.6.0"
      },
      "engines": {
        "node": ">=20.0.0"
      },
      "peerDependencies": {
        "react": ">=18",
        "react-dom": ">=18"
      },
      "peerDependenciesMeta": {
        "react-dom": {
          "optional": true
        }
      }
    },
    "node_modules/react-router-dom": {
      "version": "7.18.0",
      "resolved": "https://pkgs.dev.azure.com/Paycor/7eb05235-b134-48fa-b2bb-06011313ca85/_packaging/PaycorNPM/npm/registry/react-router-dom/-/react-router-dom-7.18.0.tgz",
      "integrity": "sha1-caZXN0YQ4Azr8ng4BNeBL6z9sbU=",
      "license": "MIT",
      "dependencies": {
        "react-router": "7.18.0"
      },
      "engines": {
        "node": ">=20.0.0"
      },
      "peerDependencies": {
        "react": ">=18",
        "react-dom": ">=18"
      }
    },
    "node_modules/rolldown": {
      "version": "1.1.3",
      "resolved": "https://pkgs.dev.azure.com/Paycor/7eb05235-b134-48fa-b2bb-06011313ca85/_packaging/PaycorNPM/npm/registry/rolldown/-/rolldown-1.1.3.tgz",
      "integrity": "sha1-hwcr/Q0b3QKmYHaiYaYujkmz8OI=",
      "dev": true,
      "license": "MIT",
      "dependencies": {
        "@oxc-project/types": "=0.137.0",
        "@rolldown/pluginutils": "^1.0.0"
      },
      "bin": {
        "rolldown": "bin/cli.mjs"
      },
      "engines": {
        "node": "^20.19.0 || >=22.12.0"
      },
      "optionalDependencies": {
        "@rolldown/binding-android-arm64": "1.1.3",
        "@rolldown/binding-darwin-arm64": "1.1.3",
        "@rolldown/binding-darwin-x64": "1.1.3",
        "@rolldown/binding-freebsd-x64": "1.1.3",
        "@rolldown/binding-linux-arm-gnueabihf": "1.1.3",
        "@rolldown/binding-linux-arm64-gnu": "1.1.3",
        "@rolldown/binding-linux-arm64-musl": "1.1.3",
        "@rolldown/binding-linux-ppc64-gnu": "1.1.3",
        "@rolldown/binding-linux-s390x-gnu": "1.1.3",
        "@rolldown/binding-linux-x64-gnu": "1.1.3",
        "@rolldown/binding-linux-x64-musl": "1.1.3",
        "@rolldown/binding-openharmony-arm64": "1.1.3",
        "@rolldown/binding-wasm32-wasi": "1.1.3",
        "@rolldown/binding-win32-arm64-msvc": "1.1.3",
        "@rolldown/binding-win32-x64-msvc": "1.1.3"
      }
    },
    "node_modules/scheduler": {
      "version": "0.27.0",
      "resolved": "https://pkgs.dev.azure.com/Paycor/7eb05235-b134-48fa-b2bb-06011313ca85/_packaging/PaycorNPM/npm/registry/scheduler/-/scheduler-0.27.0.tgz",
      "integrity": "sha1-DE74LWfR5cHjWej8dtOofwRf5b0=",
      "license": "MIT"
    },
    "node_modules/set-cookie-parser": {
      "version": "2.7.2",
      "resolved": "https://pkgs.dev.azure.com/Paycor/7eb05235-b134-48fa-b2bb-06011313ca85/_packaging/PaycorNPM/npm/registry/set-cookie-parser/-/set-cookie-parser-2.7.2.tgz",
      "integrity": "sha1-zNCGc6muXS5E6iot4lCJ5nx+32g=",
      "license": "MIT"
    },
    "node_modules/source-map-js": {
      "version": "1.2.1",
      "resolved": "https://pkgs.dev.azure.com/Paycor/7eb05235-b134-48fa-b2bb-06011313ca85/_packaging/PaycorNPM/npm/registry/source-map-js/-/source-map-js-1.2.1.tgz",
      "integrity": "sha1-HOVlD93YerwJnto33P8CTCZnrkY=",
      "dev": true,
      "license": "BSD-3-Clause",
      "engines": {
        "node": ">=0.10.0"
      }
    },
    "node_modules/tinyglobby": {
      "version": "0.2.17",
      "resolved": "https://pkgs.dev.azure.com/Paycor/7eb05235-b134-48fa-b2bb-06011313ca85/_packaging/PaycorNPM/npm/registry/tinyglobby/-/tinyglobby-0.2.17.tgz",
      "integrity": "sha1-ViqabJ6ys7Ej05cZ+a9btE/NdjE=",
      "dev": true,
      "license": "MIT",
      "dependencies": {
        "fdir": "^6.5.0",
        "picomatch": "^4.0.4"
      },
      "engines": {
        "node": ">=12.0.0"
      },
      "funding": {
        "url": "https://github.com/sponsors/SuperchupuDev"
      }
    },
    "node_modules/tslib": {
      "version": "2.8.1",
      "resolved": "https://pkgs.dev.azure.com/Paycor/7eb05235-b134-48fa-b2bb-06011313ca85/_packaging/PaycorNPM/npm/registry/tslib/-/tslib-2.8.1.tgz",
      "integrity": "sha1-YS7+TtI11Wfoq6Xypfq3AoCt6D8=",
      "dev": true,
      "license": "0BSD",
      "optional": true
    },
    "node_modules/vite": {
      "version": "8.1.0",
      "resolved": "https://pkgs.dev.azure.com/Paycor/7eb05235-b134-48fa-b2bb-06011313ca85/_packaging/PaycorNPM/npm/registry/vite/-/vite-8.1.0.tgz",
      "integrity": "sha1-BzTcGkj66yvV9bFrZty/rkhP7FU=",
      "dev": true,
      "license": "MIT",
      "dependencies": {
        "lightningcss": "^1.32.0",
        "picomatch": "^4.0.4",
        "postcss": "^8.5.15",
        "rolldown": "~1.1.2",
        "tinyglobby": "^0.2.17"
      },
      "bin": {
        "vite": "bin/vite.js"
      },
      "engines": {
        "node": "^20.19.0 || >=22.12.0"
      },
      "funding": {
        "url": "https://github.com/vitejs/vite?sponsor=1"
      },
      "optionalDependencies": {
        "fsevents": "~2.3.3"
      },
      "peerDependencies": {
        "@types/node": "^20.19.0 || >=22.12.0",
        "@vitejs/devtools": "^0.3.0",
        "esbuild": "^0.27.0 || ^0.28.0",
        "jiti": ">=1.21.0",
        "less": "^4.0.0",
        "sass": "^1.70.0",
        "sass-embedded": "^1.70.0",
        "stylus": ">=0.54.8",
        "sugarss": "^5.0.0",
        "terser": "^5.16.0",
        "tsx": "^4.8.1",
        "yaml": "^2.4.2"
      },
      "peerDependenciesMeta": {
        "@types/node": {
          "optional": true
        },
        "@vitejs/devtools": {
          "optional": true
        },
        "esbuild": {
          "optional": true
        },
        "jiti": {
          "optional": true
        },
        "less": {
          "optional": true
        },
        "sass": {
          "optional": true
        },
        "sass-embedded": {
          "optional": true
        },
        "stylus": {
          "optional": true
        },
        "sugarss": {
          "optional": true
        },
        "terser": {
          "optional": true
        },
        "tsx": {
          "optional": true
        },
        "yaml": {
          "optional": true
        }
      }
    }
  }
}
